
Microsoft Visual Studio Solution File, Format Version 12.00
# Visual Studio Version 16
VisualStudioVersion = 16.0.29230.47
MinimumVisualStudioVersion = 10.0.40219.1
Project("{00000000-0000-0000-0000-000000000000}") = "DInput", "DInput\DInput.vcxproj", "{00000000-0000-0000-0000-000000000001}"
EndProject
Project("{00000000-0000-0000-0000-000000000000}") = "G12Dll", "G12Dll\G12Dll.vcxproj", "{00000000-0000-0000-0000-000000000002}"
EndProject
Project("{00000000-0000-0000-0000-000000000000}") = "G1Barrier", "G1Barrier\G1Barrier.vcxproj", "{00000000-0000-0000-0000-00000000000B}"
EndProject
Project("{00000000-0000-0000-0000-000000000000}") = "G1Fixes", "G1Fixes\G1Fixes.vcxproj", "{00000000-0000-0000-0000-000000000009}"
EndProject
Project("{00000000-0000-0000-0000-000000000000}") = "G1Spells", "G1Spells\G1Spells.vcxproj", "{00000000-0000-0000-0000-00000000000A}"
EndProject
Project("{00000000-0000-0000-0000-000000000000}") = "S1Fixes", "S1Fixes\S1Fixes.vcxproj", "{00000000-0000-0000-0000-000000000005}"
EndProject
Project("{00000000-0000-0000-0000-000000000000}") = "G2Barrier", "G2Barrier\G2Barrier.vcxproj", "{00000000-0000-0000-0000-000000000003}"
EndProject
Project("{00000000-0000-0000-0000-000000000000}") = "G2Fixes", "G2Fixes\G2Fixes.vcxproj", "{00000000-0000-0000-0000-000000000004}"
EndProject
Project("{00000000-0000-0000-0000-000000000000}") = "G2Spells", "G2Spells\G2Spells.vcxproj", "{00000000-0000-0000-0000-000000000008}"
EndProject
Project("{00000000-0000-0000-0000-000000000000}") = "G101Fixes", "G101Fixes\G101Fixes.vcxproj", "{00000000-0000-0000-0000-000000000006}"
EndProject
Project("{00000000-0000-0000-0000-000000000000}") = "S1SFixes", "S1SFixes\S1SFixes.vcxproj", "{00000000-0000-0000-0000-000000000007}"
EndProject
Global
	GlobalSection(SolutionConfigurationPlatforms) = preSolution
		Debug|x86 = Debug|x86
		Release|x86 = Release|x86
	EndGlobalSection
	GlobalSection(ProjectConfigurationPlatforms) = postSolution
		{00000000-0000-0000-0000-000000000001}.Debug|x86.ActiveCfg = Debug|Win32
		{00000000-0000-0000-0000-000000000001}.Debug|x86.Build.0 = Debug|Win32
		{00000000-0000-0000-0000-000000000001}.Release|x86.ActiveCfg = Release|Win32
		{00000000-0000-0000-0000-000000000001}.Release|x86.Build.0 = Release|Win32
		{00000000-0000-0000-0000-000000000002}.Debug|x86.ActiveCfg = Debug|Win32
		{00000000-0000-0000-0000-000000000002}.Debug|x86.Build.0 = Debug|Win32
		{00000000-0000-0000-0000-000000000002}.Release|x86.ActiveCfg = Release|Win32
		{00000000-0000-0000-0000-000000000002}.Release|x86.Build.0 = Release|Win32
		{00000000-0000-0000-0000-00000000000B}.Debug|x86.ActiveCfg = Debug|Win32
		{00000000-0000-0000-0000-00000000000B}.Debug|x86.Build.0 = Debug|Win32
		{00000000-0000-0000-0000-00000000000B}.Release|x86.ActiveCfg = Release|Win32
		{00000000-0000-0000-0000-00000000000B}.Release|x86.Build.0 = Release|Win32
		{00000000-0000-0000-0000-000000000009}.Debug|x86.ActiveCfg = Debug|Win32
		{00000000-0000-0000-0000-000000000009}.Debug|x86.Build.0 = Debug|Win32
		{00000000-0000-0000-0000-000000000009}.Release|x86.ActiveCfg = Release|Win32
		{00000000-0000-0000-0000-000000000009}.Release|x86.Build.0 = Release|Win32
		{00000000-0000-0000-0000-00000000000A}.Debug|x86.ActiveCfg = Debug|Win32
		{00000000-0000-0000-0000-00000000000A}.Debug|x86.Build.0 = Debug|Win32
		{00000000-0000-0000-0000-00000000000A}.Release|x86.ActiveCfg = Release|Win32
		{00000000-0000-0000-0000-00000000000A}.Release|x86.Build.0 = Release|Win32
		{00000000-0000-0000-0000-000000000005}.Debug|x86.ActiveCfg = Debug|Win32
		{00000000-0000-0000-0000-000000000005}.Debug|x86.Build.0 = Debug|Win32
		{00000000-0000-0000-0000-000000000005}.Release|x86.ActiveCfg = Release|Win32
		{00000000-0000-0000-0000-000000000005}.Release|x86.Build.0 = Release|Win32
		{00000000-0000-0000-0000-000000000003}.Debug|x86.ActiveCfg = Debug|Win32
		{00000000-0000-0000-0000-000000000003}.Debug|x86.Build.0 = Debug|Win32
		{00000000-0000-0000-0000-000000000003}.Release|x86.ActiveCfg = Release|Win32
		{00000000-0000-0000-0000-000000000003}.Release|x86.Build.0 = Release|Win32
		{00000000-0000-0000-0000-000000000004}.Debug|x86.ActiveCfg = Debug|Win32
		{00000000-0000-0000-0000-000000000004}.Debug|x86.Build.0 = Debug|Win32
		{00000000-0000-0000-0000-000000000004}.Release|x86.ActiveCfg = Release|Win32
		{00000000-0000-0000-0000-000000000004}.Release|x86.Build.0 = Release|Win32
		{00000000-0000-0000-0000-000000000008}.Debug|x86.ActiveCfg = Debug|Win32
		{00000000-0000-0000-0000-000000000008}.Debug|x86.Build.0 = Debug|Win32
		{00000000-0000-0000-0000-000000000008}.Release|x86.ActiveCfg = Release|Win32
		{00000000-0000-0000-0000-000000000008}.Release|x86.Build.0 = Release|Win32
		{00000000-0000-0000-0000-000000000006}.Debug|x86.ActiveCfg = Debug|Win32
		{00000000-0000-0000-0000-000000000006}.Debug|x86.Build.0 = Debug|Win32
		{00000000-0000-0000-0000-000000000006}.Release|x86.ActiveCfg = Release|Win32
		{00000000-0000-0000-0000-000000000006}.Release|x86.Build.0 = Release|Win32
		{00000000-0000-0000-0000-000000000007}.Debug|x86.ActiveCfg = Debug|Win32
		{00000000-0000-0000-0000-000000000007}.Debug|x86.Build.0 = Debug|Win32
		{00000000-0000-0000-0000-000000000007}.Release|x86.ActiveCfg = Release|Win32
		{00000000-0000-0000-0000-000000000007}.Release|x86.Build.0 = Release|Win32
	EndGlobalSection
	GlobalSection(SolutionProperties) = preSolution
		HideSolutionNode = FALSE
	EndGlobalSection
	GlobalSection(ExtensibilityGlobals) = postSolution
		SolutionGuid = {00000000-0000-0000-0000-000000000000}
	EndGlobalSection
EndGlobal
